install_repository_dependencies: true
install_resolver_dependencies: true
install_tool_dependencies: false
tools:
- name: binning_refiner
  owner: iuc
  revisions:
  - 1c8d0916f97f
  tool_panel_section_label: Metagenomic Analysis
- name: phyloseq_from_dada2
  owner: iuc
  revisions:
  - 46a99bd1f10e
  tool_panel_section_label: Metagenomic Analysis
- name: phyloseq_plot_ordination
  owner: iuc
  revisions:
  - 11d43fa12aab
  tool_panel_section_label: Metagenomic Analysis
- name: phyloseq_plot_richness
  owner: iuc
  revisions:
  - 92b82deaaed1
  tool_panel_section_label: Metagenomic Analysis
- name: concoct
  owner: iuc
  revisions:
  - 031f84cb2fd3
  tool_panel_section_label: Metagenomic Analysis
- name: concoct_coverage_table
  owner: iuc
  revisions:
  - 7e01297a3b4a
  tool_panel_section_label: Metagenomic Analysis
- name: concoct_cut_up_fasta
  owner: iuc
  revisions:
  - b9d37d30731e
  tool_panel_section_label: Metagenomic Analysis
- name: concoct_extract_fasta_bins
  owner: iuc
  revisions:
  - a04028a8181d
  tool_panel_section_label: Metagenomic Analysis
- name: concoct_merge_cut_up_clustering
  owner: iuc
  revisions:
  - b546422c9128
  tool_panel_section_label: Metagenomic Analysis
- name: magicblast
  owner: iuc
  revisions:
  - e6799e98c5fb
  tool_panel_section_label: NCBI Blast
- name: compress_file
  owner: iuc
  revisions:
  - 09ea79f9f260
  tool_panel_section_label: Convert Formats
- name: metabat2_jgi_summarize_bam_contig_depths
  owner: iuc
  revisions:
  - d27a4ed006ee
  tool_panel_section_label: Metagenomic Analysis
- name: metabat2
  owner: iuc
  revisions:
  - 76bc4efa1aeb
  tool_panel_section_label: Metagenomic Analysis
- name: malt_run
  owner: iuc
  revisions:
  - d505990b8c89
  tool_panel_section_label: Metagenomic Analysis
- name: maaslin2
  owner: iuc
  revisions:
  - c629e6de3c49
  tool_panel_section_label: Metagenomic Analysis
- name: instrain_profile
  owner: iuc
  revisions:
  - 1f3730540302
  tool_panel_section_label: Metagenomic Analysis
- name: instrain_compare
  owner: iuc
  revisions:
  - 3b54b419b5cb
  tool_panel_section_label: Metagenomic Analysis
- name: megan_sam2rma
  owner: iuc
  revisions:
  - 4f0a8e401e2e
  tool_panel_section_label: Metagenomic Analysis
- name: megan_blast2rma
  owner: iuc
  revisions:
  - d326b943f5e2
  tool_panel_section_label: Metagenomic Analysis
- name: megan_blast2lca
  owner: iuc
  revisions:
  - a80281b0172e
  tool_panel_section_label: Metagenomic Analysis
- name: megan_daa2info
  owner: iuc
  revisions:
  - c90a645ff6e9
  tool_panel_section_label: Metagenomic Analysis
- name: megan_daa2rma
  owner: iuc
  revisions:
  - 10360f9989ee
  tool_panel_section_label: Metagenomic Analysis
- name: megan_daa_meganizer
  owner: iuc
  revisions:
  - bb2a8bd85c85
  tool_panel_section_label: Metagenomic Analysis
- name: megan_read_extractor
  owner: iuc
  revisions:
  - a770f5e23615
  tool_panel_section_label: Metagenomic Analysis
- name: rgcca
  owner: iuc
  revisions:
  - 067d45e6caa9
  tool_panel_section_label: Statistics
- name: scoary
  owner: iuc
  revisions:
  - 42a1a5750539
  tool_panel_section_label: Metagenomic Analysis
- name: interproscan
  owner: bgruening
  revisions:
  - 0cd163d805e3
  tool_panel_section_label: Annotation
- name: funannotate_clean
  owner: iuc
  revisions:
  - a230ea445788
  tool_panel_section_label: Annotation
- name: funannotate_sort
  owner: iuc
  revisions:
  - b3cf4684e9c7
  tool_panel_section_label: Annotation
- name: funannotate_predict
  owner: iuc
  revisions:
  - 2bba2ff070d9
  tool_panel_section_label: Annotation
- name: funannotate_compare
  owner: iuc
  revisions:
  - 563a19373357
  tool_panel_section_label: Annotation
- name: funannotate_annotate
  owner: iuc
  revisions:
  - 14f588312c56
  tool_panel_section_label: Annotation
- name: repeatmodeler
  owner: csbl
  revisions:
  - 1e10310ce195
  tool_panel_section_label: Annotation
- name: legsta
  owner: iuc
  revisions:
  - 579f1cabfe79
  tool_panel_section_label: Annotation
- name: pycoqc
  owner: iuc
  revisions:
  - 3a2f2e24c37e
  tool_panel_section_label: Nanopore
- name: cd_hit
  owner: iuc
  revisions:
  - 7807800a3d03
  tool_panel_section_label: Multiple Alignments
- name: genomic_super_signature
  owner: iuc
  revisions:
  - d0cbe6cc1f04
  tool_panel_section_label: RNA Analysis
- name: king
  owner: iuc
  revisions:
  - 1932808c6fab
  tool_panel_section_label: Variant Calling
- name: deepvariant
  owner: iuc
  revisions:
  - 7608209110d3
  tool_panel_section_label: Variant Calling
- name: get_hrun
  owner: iuc
  revisions:
  - 84f70ce0b830
  tool_panel_section_label: Variant Calling
- name: artic_guppyplex
  owner: iuc
  revisions:
  - 372def2f8fd6
  tool_panel_section_label: Variant Calling
- name: beagle
  owner: iuc
  revisions:
  - 553b27c30eb8
  tool_panel_section_label: Variant Calling
- name: ncbi_datasets
  owner: iuc
  revisions:
  - 1a7773882d2c
  tool_panel_section_label: Get Data
- name: pretext_snapshot
  owner: iuc
  revisions:
  - 02b21260faf4
  tool_panel_section_label: Graph/Display Data
- name: rapidnj
  owner: iuc
  revisions:
  - 9f4a66e22580
  tool_panel_section_label: Evolution
- name: tn93
  owner: iuc
  revisions:
  - 9d793e88e15f
  tool_panel_section_label: Evolution
- name: tn93_filter
  owner: iuc
  revisions:
  - ba95715078c9
  tool_panel_section_label: Evolution
- name: tn93_cluster
  owner: iuc
  revisions:
  - 112d80c9ccca
  tool_panel_section_label: Evolution
- name: tn93_readreduce
  owner: iuc
  revisions:
  - 1d2ec0b0a0a7
  tool_panel_section_label: Evolution
- name: query_tabular
  owner: iuc
  revisions:
  - cf34c344508d
  tool_panel_section_label: Text Manipulation
- name: samtools_bam_to_cram
  owner: iuc
  revisions:
  - 3d07b8a6dd8c
  tool_panel_section_label: Convert Formats
- name: crossmap_region
  owner: iuc
  revisions:
  - 8635b6b8a8f2
  tool_panel_section_label: Convert Formats
- name: bioext_bam2msa
  owner: iuc
  revisions:
  - 0a4ad829d87a
  tool_panel_section_label: Convert Formats
- name: cutadapt
  owner: lparsons
  revisions:
  - 02c5a84971c8
  tool_panel_section_label: FASTA/FASTQ
- name: trimns
  owner: iuc
  revisions:
  - 30178a68af68
  tool_panel_section_label: FASTA/FASTQ
- name: amplican
  owner: iuc
  revisions:
  - 71adaaace336
  tool_panel_section_label: Genome editing
- name: links
  owner: iuc
  revisions:
  - 7acd9ade2dd1
  tool_panel_section_label: Assembly
- name: bellerophon
  owner: iuc
  revisions:
  - 25ca5d73aedf
  tool_panel_section_label: Assembly
- name: raven
  owner: iuc
  revisions:
  - 2b2a352488fa
  tool_panel_section_label: Assembly
- name: meryl
  owner: iuc
  revisions:
  - 31fa26c0692b
  tool_panel_section_label: Assembly
- name: genomescope
  owner: iuc
  revisions:
  - 3169a38c2656
  tool_panel_section_label: Assembly
- name: pretext_map
  owner: iuc
  revisions:
  - 02831bf9e95f
  tool_panel_section_label: Assembly
- name: bionano_scaffold
  owner: bgruening
  revisions:
  - 5258e18bbe23
  tool_panel_section_label: Assembly
- name: jellyfish
  owner: iuc
  revisions:
  - b4038a4d48f5
  tool_panel_section_label: Metagenomic Analysis
- name: fastqc
  owner: devteam
  revisions:
  - 3d0c7bdf12f5
  tool_panel_section_label: FASTA/FASTQ
- name: rcorrector
  owner: iuc
  revisions:
  - 6703b98884a2
  tool_panel_section_label: FASTA/FASTQ
- name: mitobim
  owner: iuc
  revisions:
  - ea46115c7f1e
  tool_panel_section_label: Assembly
- name: hifiasm
  owner: bgruening
  revisions:
  - 045c7c3d8e59
  tool_panel_section_label: Assembly
- name: purge_dups
  owner: iuc
  revisions:
  - 17b378303f2d
  tool_panel_section_label: Assembly
- name: merqury
  owner: iuc
  revisions:
  - 39edec572bae
  tool_panel_section_label: Assembly
- name: trycycler_cluster
  owner: iuc
  revisions:
  - 189e837009c9
  tool_panel_section_label: Assembly
- name: trycycler_consensus
  owner: iuc
  revisions:
  - 356afed970b4
  tool_panel_section_label: Assembly
- name: trycycler_partition
  owner: iuc
  revisions:
  - 4688ae3b49b5
  tool_panel_section_label: Assembly
- name: trycycler_reconcile_msa
  owner: iuc
  revisions:
  - 59bd28f6265d
  tool_panel_section_label: Assembly
- name: trycycler_subsample
  owner: iuc
  revisions:
  - 05bd7504fdb2
  tool_panel_section_label: Assembly
- name: bbtools_bbmap
  owner: iuc
  revisions:
  - 6d44c9f1a42b
  tool_panel_section_label: Mapping
- name: bioext_bealign
  owner: iuc
  revisions:
  - 09dbbf5d3201
  tool_panel_section_label: Mapping
- name: bwa_mem2
  owner: iuc
  revisions:
  - 88bcfaea2fb6
  tool_panel_section_label: Mapping
- name: winnowmap
  owner: iuc
  revisions:
  - 35ea4a8b1ea6
  tool_panel_section_label: Mapping
- name: coverm_contig
  owner: iuc
  revisions:
  - 6941d0d453ba
  tool_panel_section_label: Metagenomic Analysis
- name: coverm_genome
  owner: iuc
  revisions:
  - 134e4e78e754
  tool_panel_section_label: Metagenomic Analysis
- name: alevin
  owner: bgruening
  revisions:
  - 04b494623f8e
  tool_panel_section_label: Single-cell
- name: trinity_gene_to_trans_map
  owner: iuc
  revisions:
  - 964b7efe2639
  tool_panel_section_label: RNA Analysis
- name: bbtools_callvariants
  owner: iuc
  revisions:
  - b955346ef41e
  tool_panel_section_label: Variant Calling
- name: glimmer_build_icm
  owner: bgruening
  revisions:
  - 15ad71e21010
  tool_panel_section_label: Annotation
- name: glimmer_knowledge_based
  owner: bgruening
  revisions:
  - ce89c473666d
  tool_panel_section_label: Annotation
- name: glimmer_not_knowledge_based
  owner: bgruening
  revisions:
  - 2529762847c3
  tool_panel_section_label: Annotation
- name: optitype
  owner: iuc
  revisions:
  - fd974c5df8bc
  tool_panel_section_label: Annotation
- name: kraken2
  owner: iuc
  revisions:
  - 0968856c687c
  tool_panel_section_label: Metagenomic Analysis
- name: kraken_taxonomy_report
  owner: iuc
  revisions:
  - 27d65c78863c
  tool_panel_section_label: Metagenomic Analysis
- name: ragtag
  owner: iuc
  revisions:
  - a04e64efa43a
  tool_panel_section_label: Assembly
- name: bbtools_bbduk
  owner: iuc
  revisions:
  - 204a131e47db
  tool_panel_section_label: NCBI Blast
- name: diamond
  owner: bgruening
  revisions:
  - 1e3323a44643
  tool_panel_section_label: NCBI Blast
- name: kraken2tax
  owner: devteam
  revisions:
  - 065938419efe
  tool_panel_section_label: Metagenomic Analysis
- name: kraken
  owner: devteam
  revisions:
  - 0f17a8816b28
  tool_panel_section_label: Metagenomic Analysis
- name: kraken_report
  owner: devteam
  revisions:
  - 1902d3de4a4f
  tool_panel_section_label: Metagenomic Analysis
- name: taxonomy_krona_chart
  owner: crs4
  revisions:
  - 020b3087d0b7
  tool_panel_section_label: Metagenomic Analysis
- name: kraken_filter
  owner: devteam
  revisions:
  - 3d6570bffdb1
  tool_panel_section_label: Metagenomic Analysis
- name: kraken_translate
  owner: devteam
  revisions:
  - 77ca66b1f5e9
  tool_panel_section_label: Metagenomic Analysis
- name: bcftools_mpileup
  owner: iuc
  revisions:
  - 0dbff46d5a1b
  tool_panel_section_label: Variant Calling
- name: bcftools_view
  owner: iuc
  revisions:
  - 1262c96a9974
  tool_panel_section_label: Variant Calling
- name: bcftools_roh
  owner: iuc
  revisions:
  - 427e353bf26f
  tool_panel_section_label: Variant Calling
- name: bcftools_reheader
  owner: iuc
  revisions:
  - 6993b945aefc
  tool_panel_section_label: Variant Calling
- name: bcftools_query
  owner: iuc
  revisions:
  - 3b1b51e1fcba
  tool_panel_section_label: Variant Calling
- name: bcftools_isec
  owner: iuc
  revisions:
  - 02f349bdbf96
  tool_panel_section_label: Variant Calling
- name: bcftools_gtcheck
  owner: iuc
  revisions:
  - 39810174657a
  tool_panel_section_label: Variant Calling
- name: bcftools_filter
  owner: iuc
  revisions:
  - 6ca7c55a27e8
  tool_panel_section_label: Variant Calling
- name: bcftools_convert_to_vcf
  owner: iuc
  revisions:
  - 41873b29860a
  tool_panel_section_label: Variant Calling
- name: bcftools_convert_from_vcf
  owner: iuc
  revisions:
  - 34585fd4bd3e
  tool_panel_section_label: Variant Calling
- name: bcftools_annotate
  owner: iuc
  revisions:
  - 2436e3bef247
  tool_panel_section_label: Variant Calling
- name: bamutil_diff
  owner: iuc
  revisions:
  - c28c4c132459
  tool_panel_section_label: SAM/BAM
- name: bamtools_split_paired
  owner: iuc
  revisions:
  - 75104ddce35f
  tool_panel_section_label: SAM/BAM
- name: bamtools_split_ref
  owner: iuc
  revisions:
  - 09470ab960f1
  tool_panel_section_label: SAM/BAM
- name: bamtools_split_mapped
  owner: iuc
  revisions:
  - 2ed961caae0a
  tool_panel_section_label: SAM/BAM
- name: bamtools_split_tag
  owner: iuc
  revisions:
  - c9fbbe6f5fc8
  tool_panel_section_label: SAM/BAM
- name: samtools_coverage
  owner: iuc
  revisions:
  - 90f2dd176d80
  tool_panel_section_label: SAM/BAM
- name: bbtools_bbduk
  owner: iuc
  revisions:
  - 204a131e47db
  tool_panel_section_label: FASTA/FASTQ
- name: umi_tools_dedup
  owner: iuc
  revisions:
  - 4098ab380097
  tool_panel_section_label: FASTA/FASTQ
- name: umi_tools_extract
  owner: iuc
  revisions:
  - 27ac32a22ad2
  tool_panel_section_label: FASTA/FASTQ
- name: umi_tools_group
  owner: iuc
  revisions:
  - 1263189f6204
  tool_panel_section_label: FASTA/FASTQ
- name: umi_tools_whitelist
  owner: iuc
  revisions:
  - 345bdf4546fd
  tool_panel_section_label: FASTA/FASTQ
- name: hicexplorer_hichyperoptdetectloops
  owner: bgruening
  revisions:
  - dde6b320a34b
  tool_panel_section_label: HiCExplorer
- name: hicexplorer_hicdifferentialtad
  owner: bgruening
  revisions:
  - c852ad97ba28
  tool_panel_section_label: HiCExplorer
- name: hicexplorer_hicmergedomains
  owner: bgruening
  revisions:
  - 6b9b4fd51308
  tool_panel_section_label: HiCExplorer
- name: spades_rnaviralspades
  owner: iuc
  revisions:
  - 249f6a28c751
  tool_panel_section_label: Assembly
- name: spades_plasmidspades
  owner: iuc
  revisions:
  - 340bc17f49cf
  tool_panel_section_label: Assembly
- name: spades_metaviralspades
  owner: iuc
  revisions:
  - 2a10645aeadd
  tool_panel_section_label: Assembly
- name: spades_metaplasmidspades
  owner: iuc
  revisions:
  - 32ab23671cc1
  tool_panel_section_label: Assembly
- name: spades_coronaspades
  owner: iuc
  revisions:
  - 0e02cc942d97
  tool_panel_section_label: Assembly
- name: spades_biosyntheticspades
  owner: iuc
  revisions:
  - 1bb12736175c
  tool_panel_section_label: Assembly
- name: sonneityping
  owner: iuc
  revisions:
  - db4fe7172114
  tool_panel_section_label: Genome editing
- name: homer_scanmotifgenomewide
  owner: iuc
  revisions:
  - db456c398880
  tool_panel_section_label: Annotation
- name: homer_annotatepeaks
  owner: iuc
  revisions:
  - 35dc2f57d755
  tool_panel_section_label: Annotation
- name: homer_findmotifsgenome
  owner: iuc
  revisions:
  - 3126da33847c
  tool_panel_section_label: Annotation
- name: homer_gtf_to_annotations
  owner: iuc
  revisions:
  - 396cf2c12173
  tool_panel_section_label: Annotation
- name: nextclade
  owner: iuc
  revisions:
  - 0c46b95d60c3
  tool_panel_section_label: Phylogenetics
- name: nextalign
  owner: iuc
  revisions:
  - 1021f52c9e11
  tool_panel_section_label: Phylogenetics
- name: hyphy_summary
  owner: iuc
  revisions:
  - 11dd1a96ffe9
  tool_panel_section_label: Phylogenetics
- name: hyphy_conv
  owner: iuc
  revisions:
  - 079ea2eb9ae4
  tool_panel_section_label: Phylogenetics
- name: hyphy_annotate
  owner: iuc
  revisions:
  - 0cd45491b297
  tool_panel_section_label: Phylogenetics
- name: hyphy_strike_ambigs
  owner: iuc
  revisions:
  - 193dcaef2169
  tool_panel_section_label: Phylogenetics
- name: hyphy_cfel
  owner: iuc
  revisions:
  - 0990351232c6
  tool_panel_section_label: Phylogenetics
- name: usher
  owner: iuc
  revisions:
  - 335665e15630
  tool_panel_section_label: Phylogenetics
- name: usher_matutils
  owner: iuc
  revisions:
  - 52fd1d491417
  tool_panel_section_label: Phylogenetics
- name: calculate_numeric_param
  owner: iuc
  revisions:
  - 0e586762f97b
  tool_panel_section_label: Expression Tools
- name: read_it_and_keep
  owner: iuc
  revisions:
  - 1563b58905f4
  tool_panel_section_label: Virology
- name: humann
  owner: iuc
  revisions:
  - 65c80ca30373
  tool_panel_section_label: Metagenomic Analysis
- name: humann_associate
  owner: iuc
  revisions:
  - 10fdefbf5920
  tool_panel_section_label: Metagenomic Analysis
- name: humann_barplot
  owner: iuc
  revisions:
  - 5240d62d864d
  tool_panel_section_label: Metagenomic Analysis
- name: humann_join_tables
  owner: iuc
  revisions:
  - cb7de6e163ca
  tool_panel_section_label: Metagenomic Analysis
- name: humann_reduce_table
  owner: iuc
  revisions:
  - 324c12894d59
  tool_panel_section_label: Metagenomic Analysis
- name: humann_regroup_table
  owner: iuc
  revisions:
  - 26ce946f4da9
  tool_panel_section_label: Metagenomic Analysis
- name: humann_rename_table
  owner: iuc
  revisions:
  - 71ea608ddfa3
  tool_panel_section_label: Metagenomic Analysis
- name: humann_renorm_table
  owner: iuc
  revisions:
  - 4137b492233e
  tool_panel_section_label: Metagenomic Analysis
- name: humann_rna_dna_norm
  owner: iuc
  revisions:
  - 1e55949cf16e
  tool_panel_section_label: Metagenomic Analysis
- name: humann_split_stratified_table
  owner: iuc
  revisions:
  - 75bedfb2078b
  tool_panel_section_label: Metagenomic Analysis
- name: humann_split_table
  owner: iuc
  revisions:
  - 506d4a349aa1
  tool_panel_section_label: Metagenomic Analysis
- name: humann_strain_profiler
  owner: iuc
  revisions:
  - 0ff86e44895c
  tool_panel_section_label: Metagenomic Analysis
- name: humann_unpack_pathways
  owner: iuc
  revisions:
  - 4033827c76b8
  tool_panel_section_label: Metagenomic Analysis
- name: humann_unpack_pathways
  owner: iuc
  revisions:
  - 4033827c76b8
  tool_panel_section_label: Metagenomic Analysis
- name: data_manager_genomic_super_signature_ravmodels
  owner: iuc
  revisions:
  - b5bca6d58e4c
- name: data_manager_interproscan
  owner: iuc
  revisions:
  - 0db4f153d86d
- name: data_manager_humann_database_downloader
  owner: iuc
  revisions:
  - 60eb2512c5a0
- name: data_manager_malt_index_builder
  owner: iuc
  revisions:
  - 5f9d6aee2256
- name: data_manager_primer_scheme_bedfiles
  owner: iuc
  revisions:
  - dd451e45681c
- name: data_manager_funannotate
  owner: iuc
  revisions:
  - 0cadd0a04412
- name: fastqe
  owner: iuc
  revisions:
  - 819b8c1657d5
  tool_panel_section_label: FASTA/FASTQ
- name: jvarkit_wgscoverageplotter
  owner: iuc
  revisions:
  - ac048a34cac3
  tool_panel_section_label: Graph/Display Data
- name: metaphlan
  owner: iuc
  revisions:
  - a16313517e55
  tool_panel_section_label: Metagenomic Analysis
- name: merge_metaphlan_tables
  owner: iuc
  revisions:
  - 27258eb73f0c
  tool_panel_section_label: Metagenomic Analysis
- name: extract_metaphlan_database
  owner: iuc
  revisions:
  - 1aaa9b943a83
  tool_panel_section_label: Metagenomic Analysis
- name: customize_metaphlan_database
  owner: iuc
  revisions:
  - 025b0113ee97
  tool_panel_section_label: Metagenomic Analysis
- name: customize_metaphlan_database
  owner: iuc
  revisions:
  - 025b0113ee97
  tool_panel_section_label: Metagenomic Analysis
- name: data_manager_metaphlan_database_downloader
  owner: iuc
  revisions:
  - 9c43baa60906
- name: lorikeet_spoligotype
  owner: iuc
  revisions:
  - f9c37d0b3002
  tool_panel_section_label: Annotation
- name: spotyping
  owner: iuc
  revisions:
  - efa2be6db310
  tool_panel_section_label: Annotation
- name: hamronize_tool
  owner: iuc
  revisions:
  - d2590ecc4189
  tool_panel_section_label: Annotation
- name: hamronize_summarize
  owner: iuc
  revisions:
  - a84e3131ae6a
  tool_panel_section_label: Annotation
- name: orthofinder_onlygroups
  owner: iuc
  revisions:
  - 0ff17c7a18cd
  tool_panel_section_label: Annotation
- name: tracy_basecall
  owner: iuc
  revisions:
  - f2e0d83186c7
  tool_panel_section_label: Sanger Sequencing
- name: tracy_align
  owner: iuc
  revisions:
  - 80e3f678b947
  tool_panel_section_label: Sanger Sequencing
- name: tracy_decompose
  owner: iuc
  revisions:
  - 6ec40b104f9d
  tool_panel_section_label: Sanger Sequencing
- name: tracy_assemble
  owner: iuc
  revisions:
  - 99d31ec6629b
  tool_panel_section_label: Sanger Sequencing
- name: bracken
  owner: iuc
  revisions:
  - b08ac10aed96
  tool_panel_section_label: Metagenomic Analysis
- name: data_manager_build_bracken_database
  owner: iuc
  revisions:
  - 3c7d2c84cb09
  tool_panel_section_label: Metagenomic Analysis
- name: hypo
  owner: iuc
  revisions:
  - d7c48cf1bf50
  tool_panel_section_label: Assembly
